
Microsoft Visual Studio Solution File, Format Version 12.00
# Visual Studio Version 16
VisualStudioVersion = 16.0.31025.194
MinimumVisualStudioVersion = 10.0.40219.1
Project("{FAE04EC0-301F-11D3-BF4B-00C04F79EFBC}") = "Pong", "Pong.csproj", "{50EDCD3A-095A-4F9A-9DC9-A92283E47C3A}"
EndProject
Global
	GlobalSection(SolutionConfigurationPlatforms) = preSolution
		Debug|Any CPU = Debug|Any CPU
		Release|Any CPU = Release|Any CPU
	EndGlobalSection
	GlobalSection(ProjectConfigurationPlatforms) = postSolution
		{50EDCD3A-095A-4F9A-9DC9-A92283E47C3A}.Debug|Any CPU.ActiveCfg = Debug|Any CPU
		{50EDCD3A-095A-4F9A-9DC9-A92283E47C3A}.Debug|Any CPU.Build.0 = Debug|Any CPU
		{50EDCD3A-095A-4F9A-9DC9-A92283E47C3A}.Release|Any CPU.ActiveCfg = Release|Any CPU
		{50EDCD3A-095A-4F9A-9DC9-A92283E47C3A}.Release|Any CPU.Build.0 = Release|Any CPU
	EndGlobalSection
	GlobalSection(SolutionProperties) = preSolution
		HideSolutionNode = FALSE
	EndGlobalSection
	GlobalSection(ExtensibilityGlobals) = postSolution
		SolutionGuid = {64317CDF-7FBF-426E-B732-D04BADC5D575}
	EndGlobalSection
EndGlobal
